
Microsoft Visual Studio Solution File, Format Version 12.00
Project("{FAE04EC0-301F-11D3-BF4B-00C04F79EFBC}") = "Sailing", "Sailing\Sailing.csproj", "{A1D98285-3617-4D23-9AE2-561860AFFB76}"
EndProject
Project("{FAE04EC0-301F-11D3-BF4B-00C04F79EFBC}") = "Sailing.Android", "Sailing.Android\Sailing.Android.csproj", "{BF293B86-F9DA-4A8E-978C-55707C66D51A}"
EndProject
Project("{FAE04EC0-301F-11D3-BF4B-00C04F79EFBC}") = "Sailing.iOS", "Sailing.iOS\Sailing.iOS.csproj", "{7C7D5AE9-6ACE-4110-A071-4384129EAA6D}"
EndProject
Global
	GlobalSection(SolutionConfigurationPlatforms) = preSolution
		Ad-Hoc|iPhone = Ad-Hoc|iPhone
		AppStore|iPhone = AppStore|iPhone
		Debug|Any CPU = Debug|Any CPU
		Debug|iPhone = Debug|iPhone
		Debug|iPhoneSimulator = Debug|iPhoneSimulator
		Release|Any CPU = Release|Any CPU
		Release|iPhone = Release|iPhone
		Release|iPhoneSimulator = Release|iPhoneSimulator
	EndGlobalSection
	GlobalSection(ProjectConfigurationPlatforms) = postSolution
		{A1D98285-3617-4D23-9AE2-561860AFFB76}.Ad-Hoc|iPhone.ActiveCfg = Debug|Any CPU
		{A1D98285-3617-4D23-9AE2-561860AFFB76}.Ad-Hoc|iPhone.Build.0 = Debug|Any CPU
		{A1D98285-3617-4D23-9AE2-561860AFFB76}.AppStore|iPhone.ActiveCfg = Debug|Any CPU
		{A1D98285-3617-4D23-9AE2-561860AFFB76}.AppStore|iPhone.Build.0 = Debug|Any CPU
		{A1D98285-3617-4D23-9AE2-561860AFFB76}.Debug|Any CPU.ActiveCfg = Debug|Any CPU
		{A1D98285-3617-4D23-9AE2-561860AFFB76}.Debug|Any CPU.Build.0 = Debug|Any CPU
		{A1D98285-3617-4D23-9AE2-561860AFFB76}.Debug|iPhone.ActiveCfg = Debug|Any CPU
		{A1D98285-3617-4D23-9AE2-561860AFFB76}.Debug|iPhone.Build.0 = Debug|Any CPU
		{A1D98285-3617-4D23-9AE2-561860AFFB76}.Debug|iPhoneSimulator.ActiveCfg = Debug|Any CPU
		{A1D98285-3617-4D23-9AE2-561860AFFB76}.Debug|iPhoneSimulator.Build.0 = Debug|Any CPU
		{A1D98285-3617-4D23-9AE2-561860AFFB76}.Release|Any CPU.ActiveCfg = Release|Any CPU
		{A1D98285-3617-4D23-9AE2-561860AFFB76}.Release|Any CPU.Build.0 = Release|Any CPU
		{A1D98285-3617-4D23-9AE2-561860AFFB76}.Release|iPhone.ActiveCfg = Release|Any CPU
		{A1D98285-3617-4D23-9AE2-561860AFFB76}.Release|iPhone.Build.0 = Release|Any CPU
		{A1D98285-3617-4D23-9AE2-561860AFFB76}.Release|iPhoneSimulator.ActiveCfg = Release|Any CPU
		{A1D98285-3617-4D23-9AE2-561860AFFB76}.Release|iPhoneSimulator.Build.0 = Release|Any CPU
		{BF293B86-F9DA-4A8E-978C-55707C66D51A}.Ad-Hoc|iPhone.ActiveCfg = Debug|Any CPU
		{BF293B86-F9DA-4A8E-978C-55707C66D51A}.Ad-Hoc|iPhone.Build.0 = Debug|Any CPU
		{BF293B86-F9DA-4A8E-978C-55707C66D51A}.Ad-Hoc|iPhone.Deploy.0 = Debug|Any CPU
		{BF293B86-F9DA-4A8E-978C-55707C66D51A}.AppStore|iPhone.ActiveCfg = Debug|Any CPU
		{BF293B86-F9DA-4A8E-978C-55707C66D51A}.AppStore|iPhone.Build.0 = Debug|Any CPU
		{BF293B86-F9DA-4A8E-978C-55707C66D51A}.AppStore|iPhone.Deploy.0 = Debug|Any CPU
		{BF293B86-F9DA-4A8E-978C-55707C66D51A}.Debug|Any CPU.ActiveCfg = Debug|Any CPU
		{BF293B86-F9DA-4A8E-978C-55707C66D51A}.Debug|Any CPU.Build.0 = Debug|Any CPU
		{BF293B86-F9DA-4A8E-978C-55707C66D51A}.Debug|Any CPU.Deploy.0 = Debug|Any CPU
		{BF293B86-F9DA-4A8E-978C-55707C66D51A}.Debug|iPhone.ActiveCfg = Debug|Any CPU
		{BF293B86-F9DA-4A8E-978C-55707C66D51A}.Debug|iPhone.Build.0 = Debug|Any CPU
		{BF293B86-F9DA-4A8E-978C-55707C66D51A}.Debug|iPhone.Deploy.0 = Debug|Any CPU
		{BF293B86-F9DA-4A8E-978C-55707C66D51A}.Debug|iPhoneSimulator.ActiveCfg = Debug|Any CPU
		{BF293B86-F9DA-4A8E-978C-55707C66D51A}.Debug|iPhoneSimulator.Build.0 = Debug|Any CPU
		{BF293B86-F9DA-4A8E-978C-55707C66D51A}.Debug|iPhoneSimulator.Deploy.0 = Debug|Any CPU
		{BF293B86-F9DA-4A8E-978C-55707C66D51A}.Release|Any CPU.ActiveCfg = Release|Any CPU
		{BF293B86-F9DA-4A8E-978C-55707C66D51A}.Release|Any CPU.Build.0 = Release|Any CPU
		{BF293B86-F9DA-4A8E-978C-55707C66D51A}.Release|Any CPU.Deploy.0 = Release|Any CPU
		{BF293B86-F9DA-4A8E-978C-55707C66D51A}.Release|iPhone.ActiveCfg = Release|Any CPU
		{BF293B86-F9DA-4A8E-978C-55707C66D51A}.Release|iPhone.Build.0 = Release|Any CPU
		{BF293B86-F9DA-4A8E-978C-55707C66D51A}.Release|iPhone.Deploy.0 = Release|Any CPU
		{BF293B86-F9DA-4A8E-978C-55707C66D51A}.Release|iPhoneSimulator.ActiveCfg = Release|Any CPU
		{BF293B86-F9DA-4A8E-978C-55707C66D51A}.Release|iPhoneSimulator.Build.0 = Release|Any CPU
		{BF293B86-F9DA-4A8E-978C-55707C66D51A}.Release|iPhoneSimulator.Deploy.0 = Release|Any CPU
		{7C7D5AE9-6ACE-4110-A071-4384129EAA6D}.Ad-Hoc|iPhone.ActiveCfg = Ad-Hoc|iPhone
		{7C7D5AE9-6ACE-4110-A071-4384129EAA6D}.Ad-Hoc|iPhone.Build.0 = Ad-Hoc|iPhone
		{7C7D5AE9-6ACE-4110-A071-4384129EAA6D}.Ad-Hoc|iPhone.Deploy.0 = Ad-Hoc|iPhone
		{7C7D5AE9-6ACE-4110-A071-4384129EAA6D}.AppStore|iPhone.ActiveCfg = AppStore|iPhone
		{7C7D5AE9-6ACE-4110-A071-4384129EAA6D}.AppStore|iPhone.Build.0 = AppStore|iPhone
		{7C7D5AE9-6ACE-4110-A071-4384129EAA6D}.AppStore|iPhone.Deploy.0 = AppStore|iPhone
		{7C7D5AE9-6ACE-4110-A071-4384129EAA6D}.Debug|Any CPU.ActiveCfg = Debug|iPhoneSimulator
		{7C7D5AE9-6ACE-4110-A071-4384129EAA6D}.Debug|Any CPU.Build.0 = Debug|iPhoneSimulator
		{7C7D5AE9-6ACE-4110-A071-4384129EAA6D}.Debug|Any CPU.Deploy.0 = Debug|iPhoneSimulator
		{7C7D5AE9-6ACE-4110-A071-4384129EAA6D}.Debug|iPhone.ActiveCfg = Debug|iPhone
		{7C7D5AE9-6ACE-4110-A071-4384129EAA6D}.Debug|iPhone.Build.0 = Debug|iPhone
		{7C7D5AE9-6ACE-4110-A071-4384129EAA6D}.Debug|iPhone.Deploy.0 = Debug|iPhone
		{7C7D5AE9-6ACE-4110-A071-4384129EAA6D}.Debug|iPhoneSimulator.ActiveCfg = Debug|iPhoneSimulator
		{7C7D5AE9-6ACE-4110-A071-4384129EAA6D}.Debug|iPhoneSimulator.Build.0 = Debug|iPhoneSimulator
		{7C7D5AE9-6ACE-4110-A071-4384129EAA6D}.Debug|iPhoneSimulator.Deploy.0 = Debug|iPhoneSimulator
		{7C7D5AE9-6ACE-4110-A071-4384129EAA6D}.Release|Any CPU.ActiveCfg = Release|iPhoneSimulator
		{7C7D5AE9-6ACE-4110-A071-4384129EAA6D}.Release|Any CPU.Build.0 = Release|iPhoneSimulator
		{7C7D5AE9-6ACE-4110-A071-4384129EAA6D}.Release|Any CPU.Deploy.0 = Release|iPhoneSimulator
		{7C7D5AE9-6ACE-4110-A071-4384129EAA6D}.Release|iPhone.ActiveCfg = Release|iPhone
		{7C7D5AE9-6ACE-4110-A071-4384129EAA6D}.Release|iPhone.Build.0 = Release|iPhone
		{7C7D5AE9-6ACE-4110-A071-4384129EAA6D}.Release|iPhone.Deploy.0 = Release|iPhone
		{7C7D5AE9-6ACE-4110-A071-4384129EAA6D}.Release|iPhoneSimulator.ActiveCfg = Release|iPhoneSimulator
		{7C7D5AE9-6ACE-4110-A071-4384129EAA6D}.Release|iPhoneSimulator.Build.0 = Release|iPhoneSimulator
		{7C7D5AE9-6ACE-4110-A071-4384129EAA6D}.Release|iPhoneSimulator.Deploy.0 = Release|iPhoneSimulator
	EndGlobalSection
EndGlobal
